
Microsoft Visual Studio Solution File, Format Version 12.00
# Visual Studio Version 17
VisualStudioVersion = 17.2.32519.379
MinimumVisualStudioVersion = 10.0.40219.1
Project("{FAE04EC0-301F-11D3-BF4B-00C04F79EFBC}") = "Review", "Review\Review.csproj", "{3219F9AE-5340-4D8A-934B-C3DFD6483360}"
EndProject
Global
	GlobalSection(SolutionConfigurationPlatforms) = preSolution
		Debug|Any CPU = Debug|Any CPU
		Release|Any CPU = Release|Any CPU
	EndGlobalSection
	GlobalSection(ProjectConfigurationPlatforms) = postSolution
		{3219F9AE-5340-4D8A-934B-C3DFD6483360}.Debug|Any CPU.ActiveCfg = Debug|Any CPU
		{3219F9AE-5340-4D8A-934B-C3DFD6483360}.Debug|Any CPU.Build.0 = Debug|Any CPU
		{3219F9AE-5340-4D8A-934B-C3DFD6483360}.Release|Any CPU.ActiveCfg = Release|Any CPU
		{3219F9AE-5340-4D8A-934B-C3DFD6483360}.Release|Any CPU.Build.0 = Release|Any CPU
	EndGlobalSection
	GlobalSection(SolutionProperties) = preSolution
		HideSolutionNode = FALSE
	EndGlobalSection
	GlobalSection(ExtensibilityGlobals) = postSolution
		SolutionGuid = {FE2F248A-95E7-4F35-A6C0-A5CA061CA7F5}
	EndGlobalSection
EndGlobal
